{
  "lockfileVersion": 2,
  "configVersion": 1,
  "workspaces": {
    "": {
      "name": "goat-theme-editor",
      "dependencies": {
        "@colordx/core": "^5.4.3",
      },
    },
  },
  "packages": {
    "@colordx/core": ["@colordx/core@5.4.3", "", {}, "sha512-kIxYSfA5T8HXjav55UaaH/o/cKivF6jCCGIb8eqtcsfI46wsvlSiT8jMDyrl779qLec3c2c2oHBZo4oAhvbjrQ=="],
  }
}
